
Microsoft Visual Studio Solution File, Format Version 12.00
# Visual Studio 2013
VisualStudioVersion = 12.0.21005.1
MinimumVisualStudioVersion = 10.0.40219.1
Project("{FAE04EC0-301F-11D3-BF4B-00C04F79EFBC}") = "Sign_Editor", "Sign_Editor\Sign_Editor.csproj", "{237D5436-CD15-4D6C-944A-50B8EE4B4523}"
EndProject
Global
	GlobalSection(SolutionConfigurationPlatforms) = preSolution
		Debug|Any CPU = Debug|Any CPU
		Release|Any CPU = Release|Any CPU
	EndGlobalSection
	GlobalSection(ProjectConfigurationPlatforms) = postSolution
		{237D5436-CD15-4D6C-944A-50B8EE4B4523}.Debug|Any CPU.ActiveCfg = Debug|Any CPU
		{237D5436-CD15-4D6C-944A-50B8EE4B4523}.Debug|Any CPU.Build.0 = Debug|Any CPU
		{237D5436-CD15-4D6C-944A-50B8EE4B4523}.Release|Any CPU.ActiveCfg = Release|x86
		{237D5436-CD15-4D6C-944A-50B8EE4B4523}.Release|Any CPU.Build.0 = Release|x86
	EndGlobalSection
	GlobalSection(SolutionProperties) = preSolution
		HideSolutionNode = FALSE
	EndGlobalSection
EndGlobal
